
Microsoft Visual Studio Solution File, Format Version 12.00
# Visual Studio 2012
Project("{FAE04EC0-301F-11D3-BF4B-00C04F79EFBC}") = "Mindosa.Nomad.Core", "Mindosa.Nomad.Core\Mindosa.Nomad.Core.csproj", "{96192964-5EF7-4567-8DFB-5B822A4BFEE5}"
EndProject
Project("{FAE04EC0-301F-11D3-BF4B-00C04F79EFBC}") = "Mindosa.Nomad.Core.Tests", "Mindosa.Nomad.Core.Tests\Mindosa.Nomad.Core.Tests.csproj", "{16C73B5A-8F8D-412A-8702-C878148E9EE5}"
EndProject
Global
	GlobalSection(SolutionConfigurationPlatforms) = preSolution
		Debug|Any CPU = Debug|Any CPU
		Release|Any CPU = Release|Any CPU
	EndGlobalSection
	GlobalSection(ProjectConfigurationPlatforms) = postSolution
		{96192964-5EF7-4567-8DFB-5B822A4BFEE5}.Debug|Any CPU.ActiveCfg = Debug|Any CPU
		{96192964-5EF7-4567-8DFB-5B822A4BFEE5}.Debug|Any CPU.Build.0 = Debug|Any CPU
		{96192964-5EF7-4567-8DFB-5B822A4BFEE5}.Release|Any CPU.ActiveCfg = Release|Any CPU
		{96192964-5EF7-4567-8DFB-5B822A4BFEE5}.Release|Any CPU.Build.0 = Release|Any CPU
		{16C73B5A-8F8D-412A-8702-C878148E9EE5}.Debug|Any CPU.ActiveCfg = Debug|Any CPU
		{16C73B5A-8F8D-412A-8702-C878148E9EE5}.Debug|Any CPU.Build.0 = Debug|Any CPU
		{16C73B5A-8F8D-412A-8702-C878148E9EE5}.Release|Any CPU.ActiveCfg = Release|Any CPU
		{16C73B5A-8F8D-412A-8702-C878148E9EE5}.Release|Any CPU.Build.0 = Release|Any CPU
	EndGlobalSection
	GlobalSection(SolutionProperties) = preSolution
		HideSolutionNode = FALSE
	EndGlobalSection
EndGlobal
